// !$*UTF8*$!
{
	archiveVersion = 1;
	classes = {
	};
	objectVersion = 50;
	objects = {

/* Begin PBXBuildFile section */
		69005377261776C2005C0ECF /* Localizable.strings in Resources */ = {isa = PBXBuildFile; fileRef = 69005379261776C2005C0ECF /* Localizable.strings */; };
		6900538026177755005C0ECF /* Localizable.stringsdict in Resources */ = {isa = PBXBuildFile; fileRef = 6900538226177755005C0ECF /* Localizable.stringsdict */; };
		69020F0B25F3B58100C8639A /* countableApp.swift in Sources */ = {isa = PBXBuildFile; fileRef = 69020F0A25F3B58100C8639A /* countableApp.swift */; };
		69020F0D25F3B58100C8639A /* MainView.swift in Sources */ = {isa = PBXBuildFile; fileRef = 69020F0C25F3B58100C8639A /* MainView.swift */; };
		69020F0F25F3B58400C8639A /* Assets.xcassets in Resources */ = {isa = PBXBuildFile; fileRef = 69020F0E25F3B58400C8639A /* Assets.xcassets */; };
		69020F1225F3B58400C8639A /* Preview Assets.xcassets in Resources */ = {isa = PBXBuildFile; fileRef = 69020F1125F3B58400C8639A /* Preview Assets.xcassets */; };
		69020F5825FACD3600C8639A /* SettingsView.swift in Sources */ = {isa = PBXBuildFile; fileRef = 69020F5725FACD3600C8639A /* SettingsView.swift */; };
		69020F5D25FACF9E00C8639A /* Counter.swift in Sources */ = {isa = PBXBuildFile; fileRef = 69020F5C25FACF9E00C8639A /* Counter.swift */; };
		69E9B5F72603B32D0042A50A /* CounterButton.swift in Sources */ = {isa = PBXBuildFile; fileRef = 69E9B5F62603B32D0042A50A /* CounterButton.swift */; };
		69E9B61726050DB70042A50A /* CollapsableWheelPicker.swift in Sources */ = {isa = PBXBuildFile; fileRef = 69E9B61626050DB70042A50A /* CollapsableWheelPicker.swift */; };
/* End PBXBuildFile section */

/* Begin PBXFileReference section */
		69005378261776C2005C0ECF /* en */ = {isa = PBXFileReference; lastKnownFileType = text.plist.strings; name = en; path = en.lproj/Localizable.strings; sourceTree = "<group>"; };
		6900537A261776D7005C0ECF /* pt-PT */ = {isa = PBXFileReference; lastKnownFileType = text.plist.strings; name = "pt-PT"; path = "pt-PT.lproj/Localizable.strings"; sourceTree = "<group>"; };
		6900537B26177717005C0ECF /* es */ = {isa = PBXFileReference; lastKnownFileType = text.plist.strings; name = es; path = es.lproj/Localizable.strings; sourceTree = "<group>"; };
		6900537C26177721005C0ECF /* fr */ = {isa = PBXFileReference; lastKnownFileType = text.plist.strings; name = fr; path = fr.lproj/Localizable.strings; sourceTree = "<group>"; };
		6900537D26177729005C0ECF /* de */ = {isa = PBXFileReference; lastKnownFileType = text.plist.strings; name = de; path = de.lproj/Localizable.strings; sourceTree = "<group>"; };
		6900537E26177736005C0ECF /* nl */ = {isa = PBXFileReference; lastKnownFileType = text.plist.strings; name = nl; path = nl.lproj/Localizable.strings; sourceTree = "<group>"; };
		6900537F2617773F005C0ECF /* it */ = {isa = PBXFileReference; lastKnownFileType = text.plist.strings; name = it; path = it.lproj/Localizable.strings; sourceTree = "<group>"; };
		6900538126177755005C0ECF /* en */ = {isa = PBXFileReference; lastKnownFileType = text.plist.stringsdict; name = en; path = en.lproj/Localizable.stringsdict; sourceTree = "<group>"; };
		690053842617775A005C0ECF /* nl */ = {isa = PBXFileReference; lastKnownFileType = text.plist.stringsdict; name = nl; path = nl.lproj/Localizable.stringsdict; sourceTree = "<group>"; };
		690053852617775E005C0ECF /* fr */ = {isa = PBXFileReference; lastKnownFileType = text.plist.stringsdict; name = fr; path = fr.lproj/Localizable.stringsdict; sourceTree = "<group>"; };
		690053862617775E005C0ECF /* de */ = {isa = PBXFileReference; lastKnownFileType = text.plist.stringsdict; name = de; path = de.lproj/Localizable.stringsdict; sourceTree = "<group>"; };
		690053872617775F005C0ECF /* it */ = {isa = PBXFileReference; lastKnownFileType = text.plist.stringsdict; name = it; path = it.lproj/Localizable.stringsdict; sourceTree = "<group>"; };
		690053882617775F005C0ECF /* pt-PT */ = {isa = PBXFileReference; lastKnownFileType = text.plist.stringsdict; name = "pt-PT"; path = "pt-PT.lproj/Localizable.stringsdict"; sourceTree = "<group>"; };
		6900538926177760005C0ECF /* es */ = {isa = PBXFileReference; lastKnownFileType = text.plist.stringsdict; name = es; path = es.lproj/Localizable.stringsdict; sourceTree = "<group>"; };
		69020F0725F3B58100C8639A /* countable.app */ = {isa = PBXFileReference; explicitFileType = wrapper.application; includeInIndex = 0; path = countable.app; sourceTree = BUILT_PRODUCTS_DIR; };
		69020F0A25F3B58100C8639A /* countableApp.swift */ = {isa = PBXFileReference; lastKnownFileType = sourcecode.swift; path = countableApp.swift; sourceTree = "<group>"; };
		69020F0C25F3B58100C8639A /* MainView.swift */ = {isa = PBXFileReference; lastKnownFileType = sourcecode.swift; path = MainView.swift; sourceTree = "<group>"; };
		69020F0E25F3B58400C8639A /* Assets.xcassets */ = {isa = PBXFileReference; lastKnownFileType = folder.assetcatalog; path = Assets.xcassets; sourceTree = "<group>"; };
		69020F1125F3B58400C8639A /* Preview Assets.xcassets */ = {isa = PBXFileReference; lastKnownFileType = folder.assetcatalog; path = "Preview Assets.xcassets"; sourceTree = "<group>"; };
		69020F1325F3B58400C8639A /* Info.plist */ = {isa = PBXFileReference; lastKnownFileType = text.plist.xml; path = Info.plist; sourceTree = "<group>"; };
		69020F5725FACD3600C8639A /* SettingsView.swift */ = {isa = PBXFileReference; lastKnownFileType = sourcecode.swift; path = SettingsView.swift; sourceTree = "<group>"; };
		69020F5C25FACF9E00C8639A /* Counter.swift */ = {isa = PBXFileReference; lastKnownFileType = sourcecode.swift; path = Counter.swift; sourceTree = "<group>"; };
		69E9B5F62603B32D0042A50A /* CounterButton.swift */ = {isa = PBXFileReference; lastKnownFileType = sourcecode.swift; path = CounterButton.swift; sourceTree = "<group>"; };
		69E9B61626050DB70042A50A /* CollapsableWheelPicker.swift */ = {isa = PBXFileReference; lastKnownFileType = sourcecode.swift; path = CollapsableWheelPicker.swift; sourceTree = "<group>"; };
/* End PBXFileReference section */

/* Begin PBXFrameworksBuildPhase section */
		69020F0425F3B58100C8639A /* Frameworks */ = {
			isa = PBXFrameworksBuildPhase;
			buildActionMask = 2147483647;
			files = (
			);
			runOnlyForDeploymentPostprocessing = 0;
		};
/* End PBXFrameworksBuildPhase section */

/* Begin PBXGroup section */
		69020EFE25F3B58100C8639A = {
			isa = PBXGroup;
			children = (
				69020F0925F3B58100C8639A /* countable */,
				69020F0825F3B58100C8639A /* Products */,
			);
			sourceTree = "<group>";
		};
		69020F0825F3B58100C8639A /* Products */ = {
			isa = PBXGroup;
			children = (
				69020F0725F3B58100C8639A /* countable.app */,
			);
			name = Products;
			sourceTree = "<group>";
		};
		69020F0925F3B58100C8639A /* countable */ = {
			isa = PBXGroup;
			children = (
				69020F0A25F3B58100C8639A /* countableApp.swift */,
				69020F5C25FACF9E00C8639A /* Counter.swift */,
				69020F0C25F3B58100C8639A /* MainView.swift */,
				69E9B5F62603B32D0042A50A /* CounterButton.swift */,
				69020F5725FACD3600C8639A /* SettingsView.swift */,
				69005379261776C2005C0ECF /* Localizable.strings */,
				6900538226177755005C0ECF /* Localizable.stringsdict */,
				69E9B61626050DB70042A50A /* CollapsableWheelPicker.swift */,
				69020F0E25F3B58400C8639A /* Assets.xcassets */,
				69020F1325F3B58400C8639A /* Info.plist */,
				69020F1025F3B58400C8639A /* Preview Content */,
			);
			path = countable;
			sourceTree = "<group>";
		};
		69020F1025F3B58400C8639A /* Preview Content */ = {
			isa = PBXGroup;
			children = (
				69020F1125F3B58400C8639A /* Preview Assets.xcassets */,
			);
			path = "Preview Content";
			sourceTree = "<group>";
		};
/* End PBXGroup section */

/* Begin PBXNativeTarget section */
		69020F0625F3B58100C8639A /* countable */ = {
			isa = PBXNativeTarget;
			buildConfigurationList = 69020F1625F3B58400C8639A /* Build configuration list for PBXNativeTarget "countable" */;
			buildPhases = (
				69020F0325F3B58100C8639A /* Sources */,
				69020F0425F3B58100C8639A /* Frameworks */,
				69020F0525F3B58100C8639A /* Resources */,
			);
			buildRules = (
			);
			dependencies = (
			);
			name = countable;
			productName = countable;
			productReference = 69020F0725F3B58100C8639A /* countable.app */;
			productType = "com.apple.product-type.application";
		};
/* End PBXNativeTarget section */

/* Begin PBXProject section */
		69020EFF25F3B58100C8639A /* Project object */ = {
			isa = PBXProject;
			attributes = {
				LastSwiftUpdateCheck = 1240;
				LastUpgradeCheck = 1240;
				TargetAttributes = {
					69020F0625F3B58100C8639A = {
						CreatedOnToolsVersion = 12.4;
					};
				};
			};
			buildConfigurationList = 69020F0225F3B58100C8639A /* Build configuration list for PBXProject "countable" */;
			compatibilityVersion = "Xcode 9.3";
			developmentRegion = en;
			hasScannedForEncodings = 0;
			knownRegions = (
				en,
				Base,
				"pt-PT",
				es,
				fr,
				de,
				nl,
				it,
			);
			mainGroup = 69020EFE25F3B58100C8639A;
			productRefGroup = 69020F0825F3B58100C8639A /* Products */;
			projectDirPath = "";
			projectRoot = "";
			targets = (
				69020F0625F3B58100C8639A /* countable */,
			);
		};
/* End PBXProject section */

/* Begin PBXResourcesBuildPhase section */
		69020F0525F3B58100C8639A /* Resources */ = {
			isa = PBXResourcesBuildPhase;
			buildActionMask = 2147483647;
			files = (
				69020F1225F3B58400C8639A /* Preview Assets.xcassets in Resources */,
				6900538026177755005C0ECF /* Localizable.stringsdict in Resources */,
				69005377261776C2005C0ECF /* Localizable.strings in Resources */,
				69020F0F25F3B58400C8639A /* Assets.xcassets in Resources */,
			);
			runOnlyForDeploymentPostprocessing = 0;
		};
/* End PBXResourcesBuildPhase section */

/* Begin PBXSourcesBuildPhase section */
		69020F0325F3B58100C8639A /* Sources */ = {
			isa = PBXSourcesBuildPhase;
			buildActionMask = 2147483647;
			files = (
				69E9B61726050DB70042A50A /* CollapsableWheelPicker.swift in Sources */,
				69020F5D25FACF9E00C8639A /* Counter.swift in Sources */,
				69020F0D25F3B58100C8639A /* MainView.swift in Sources */,
				69020F5825FACD3600C8639A /* SettingsView.swift in Sources */,
				69E9B5F72603B32D0042A50A /* CounterButton.swift in Sources */,
				69020F0B25F3B58100C8639A /* countableApp.swift in Sources */,
			);
			runOnlyForDeploymentPostprocessing = 0;
		};
/* End PBXSourcesBuildPhase section */

/* Begin PBXVariantGroup section */
		69005379261776C2005C0ECF /* Localizable.strings */ = {
			isa = PBXVariantGroup;
			children = (
				69005378261776C2005C0ECF /* en */,
				6900537A261776D7005C0ECF /* pt-PT */,
				6900537B26177717005C0ECF /* es */,
				6900537C26177721005C0ECF /* fr */,
				6900537D26177729005C0ECF /* de */,
				6900537E26177736005C0ECF /* nl */,
				6900537F2617773F005C0ECF /* it */,
			);
			name = Localizable.strings;
			sourceTree = "<group>";
		};
		6900538226177755005C0ECF /* Localizable.stringsdict */ = {
			isa = PBXVariantGroup;
			children = (
				6900538126177755005C0ECF /* en */,
				690053842617775A005C0ECF /* nl */,
				690053852617775E005C0ECF /* fr */,
				690053862617775E005C0ECF /* de */,
				690053872617775F005C0ECF /* it */,
				690053882617775F005C0ECF /* pt-PT */,
				6900538926177760005C0ECF /* es */,
			);
			name = Localizable.stringsdict;
			sourceTree = "<group>";
		};
/* End PBXVariantGroup section */

/* Begin XCBuildConfiguration section */
		69020F1425F3B58400C8639A /* Debug */ = {
			isa = XCBuildConfiguration;
			buildSettings = {
				ALWAYS_SEARCH_USER_PATHS = NO;
				CLANG_ANALYZER_NONNULL = YES;
				CLANG_ANALYZER_NUMBER_OBJECT_CONVERSION = YES_AGGRESSIVE;
				CLANG_CXX_LANGUAGE_STANDARD = "gnu++14";
				CLANG_CXX_LIBRARY = "libc++";
				CLANG_ENABLE_MODULES = YES;
				CLANG_ENABLE_OBJC_ARC = YES;
				CLANG_ENABLE_OBJC_WEAK = YES;
				CLANG_WARN_BLOCK_CAPTURE_AUTORELEASING = YES;
				CLANG_WARN_BOOL_CONVERSION = YES;
				CLANG_WARN_COMMA = YES;
				CLANG_WARN_CONSTANT_CONVERSION = YES;
				CLANG_WARN_DEPRECATED_OBJC_IMPLEMENTATIONS = YES;
				CLANG_WARN_DIRECT_OBJC_ISA_USAGE = YES_ERROR;
				CLANG_WARN_DOCUMENTATION_COMMENTS = YES;
				CLANG_WARN_EMPTY_BODY = YES;
				CLANG_WARN_ENUM_CONVERSION = YES;
				CLANG_WARN_INFINITE_RECURSION = YES;
				CLANG_WARN_INT_CONVERSION = YES;
				CLANG_WARN_NON_LITERAL_NULL_CONVERSION = YES;
				CLANG_WARN_OBJC_IMPLICIT_RETAIN_SELF = YES;
				CLANG_WARN_OBJC_LITERAL_CONVERSION = YES;
				CLANG_WARN_OBJC_ROOT_CLASS = YES_ERROR;
				CLANG_WARN_QUOTED_INCLUDE_IN_FRAMEWORK_HEADER = YES;
				CLANG_WARN_RANGE_LOOP_ANALYSIS = YES;
				CLANG_WARN_STRICT_PROTOTYPES = YES;
				CLANG_WARN_SUSPICIOUS_MOVE = YES;
				CLANG_WARN_UNGUARDED_AVAILABILITY = YES_AGGRESSIVE;
				CLANG_WARN_UNREACHABLE_CODE = YES;
				CLANG_WARN__DUPLICATE_METHOD_MATCH = YES;
				COPY_PHASE_STRIP = NO;
				DEBUG_INFORMATION_FORMAT = dwarf;
				ENABLE_STRICT_OBJC_MSGSEND = YES;
				ENABLE_TESTABILITY = YES;
				GCC_C_LANGUAGE_STANDARD = gnu11;
				GCC_DYNAMIC_NO_PIC = NO;
				GCC_NO_COMMON_BLOCKS = YES;
				GCC_OPTIMIZATION_LEVEL = 0;
				GCC_PREPROCESSOR_DEFINITIONS = (
					"DEBUG=1",
					"$(inherited)",
				);
				GCC_WARN_64_TO_32_BIT_CONVERSION = YES;
				GCC_WARN_ABOUT_RETURN_TYPE = YES_ERROR;
				GCC_WARN_UNDECLARED_SELECTOR = YES;
				GCC_WARN_UNINITIALIZED_AUTOS = YES_AGGRESSIVE;
				GCC_WARN_UNUSED_FUNCTION = YES;
				GCC_WARN_UNUSED_VARIABLE = YES;
				IPHONEOS_DEPLOYMENT_TARGET = 14.4;
				MTL_ENABLE_DEBUG_INFO = INCLUDE_SOURCE;
				MTL_FAST_MATH = YES;
				ONLY_ACTIVE_ARCH = YES;
				SDKROOT = iphoneos;
				SWIFT_ACTIVE_COMPILATION_CONDITIONS = DEBUG;
				SWIFT_OPTIMIZATION_LEVEL = "-Onone";
			};
			name = Debug;
		};
		69020F1525F3B58400C8639A /* Release */ = {
			isa = XCBuildConfiguration;
			buildSettings = {
				ALWAYS_SEARCH_USER_PATHS = NO;
				CLANG_ANALYZER_NONNULL = YES;
				CLANG_ANALYZER_NUMBER_OBJECT_CONVERSION = YES_AGGRESSIVE;
				CLANG_CXX_LANGUAGE_STANDARD = "gnu++14";
				CLANG_CXX_LIBRARY = "libc++";
				CLANG_ENABLE_MODULES = YES;
				CLANG_ENABLE_OBJC_ARC = YES;
				CLANG_ENABLE_OBJC_WEAK = YES;
				CLANG_WARN_BLOCK_CAPTURE_AUTORELEASING = YES;
				CLANG_WARN_BOOL_CONVERSION = YES;
				CLANG_WARN_COMMA = YES;
				CLANG_WARN_CONSTANT_CONVERSION = YES;
				CLANG_WARN_DEPRECATED_OBJC_IMPLEMENTATIONS = YES;
				CLANG_WARN_DIRECT_OBJC_ISA_USAGE = YES_ERROR;
				CLANG_WARN_DOCUMENTATION_COMMENTS = YES;
				CLANG_WARN_EMPTY_BODY = YES;
				CLANG_WARN_ENUM_CONVERSION = YES;
				CLANG_WARN_INFINITE_RECURSION = YES;
				CLANG_WARN_INT_CONVERSION = YES;
				CLANG_WARN_NON_LITERAL_NULL_CONVERSION = YES;
				CLANG_WARN_OBJC_IMPLICIT_RETAIN_SELF = YES;
				CLANG_WARN_OBJC_LITERAL_CONVERSION = YES;
				CLANG_WARN_OBJC_ROOT_CLASS = YES_ERROR;
				CLANG_WARN_QUOTED_INCLUDE_IN_FRAMEWORK_HEADER = YES;
				CLANG_WARN_RANGE_LOOP_ANALYSIS = YES;
				CLANG_WARN_STRICT_PROTOTYPES = YES;
				CLANG_WARN_SUSPICIOUS_MOVE = YES;
				CLANG_WARN_UNGUARDED_AVAILABILITY = YES_AGGRESSIVE;
				CLANG_WARN_UNREACHABLE_CODE = YES;
				CLANG_WARN__DUPLICATE_METHOD_MATCH = YES;
				COPY_PHASE_STRIP = NO;
				DEBUG_INFORMATION_FORMAT = "dwarf-with-dsym";
				ENABLE_NS_ASSERTIONS = NO;
				ENABLE_STRICT_OBJC_MSGSEND = YES;
				GCC_C_LANGUAGE_STANDARD = gnu11;
				GCC_NO_COMMON_BLOCKS = YES;
				GCC_WARN_64_TO_32_BIT_CONVERSION = YES;
				GCC_WARN_ABOUT_RETURN_TYPE = YES_ERROR;
				GCC_WARN_UNDECLARED_SELECTOR = YES;
				GCC_WARN_UNINITIALIZED_AUTOS = YES_AGGRESSIVE;
				GCC_WARN_UNUSED_FUNCTION = YES;
				GCC_WARN_UNUSED_VARIABLE = YES;
				IPHONEOS_DEPLOYMENT_TARGET = 14.4;
				MTL_ENABLE_DEBUG_INFO = NO;
				MTL_FAST_MATH = YES;
				SDKROOT = iphoneos;
				SWIFT_COMPILATION_MODE = wholemodule;
				SWIFT_OPTIMIZATION_LEVEL = "-O";
				VALIDATE_PRODUCT = YES;
			};
			name = Release;
		};
		69020F1725F3B58400C8639A /* Debug */ = {
			isa = XCBuildConfiguration;
			buildSettings = {
				ASSETCATALOG_COMPILER_APPICON_NAME = AppIcon;
				ASSETCATALOG_COMPILER_GLOBAL_ACCENT_COLOR_NAME = AccentColor;
				CODE_SIGN_STYLE = Automatic;
				CURRENT_PROJECT_VERSION = 2;
				DEVELOPMENT_ASSET_PATHS = "\"countable/Preview Content\"";
				DEVELOPMENT_TEAM = 9FVDFCLP22;
				ENABLE_PREVIEWS = YES;
				INFOPLIST_FILE = countable/Info.plist;
				IPHONEOS_DEPLOYMENT_TARGET = 14.0;
				LD_RUNPATH_SEARCH_PATHS = (
					"$(inherited)",
					"@executable_path/Frameworks",
				);
				MARKETING_VERSION = 1.1;
				PRODUCT_BUNDLE_IDENTIFIER = com.RuiSilva.countable;
				PRODUCT_NAME = "$(TARGET_NAME)";
				SWIFT_VERSION = 5.0;
				TARGETED_DEVICE_FAMILY = 1;
			};
			name = Debug;
		};
		69020F1825F3B58400C8639A /* Release */ = {
			isa = XCBuildConfiguration;
			buildSettings = {
				ASSETCATALOG_COMPILER_APPICON_NAME = AppIcon;
				ASSETCATALOG_COMPILER_GLOBAL_ACCENT_COLOR_NAME = AccentColor;
				CODE_SIGN_STYLE = Automatic;
				CURRENT_PROJECT_VERSION = 2;
				DEVELOPMENT_ASSET_PATHS = "\"countable/Preview Content\"";
				DEVELOPMENT_TEAM = 9FVDFCLP22;
				ENABLE_PREVIEWS = YES;
				INFOPLIST_FILE = countable/Info.plist;
				IPHONEOS_DEPLOYMENT_TARGET = 14.0;
				LD_RUNPATH_SEARCH_PATHS = (
					"$(inherited)",
					"@executable_path/Frameworks",
				);
				MARKETING_VERSION = 1.1;
				PRODUCT_BUNDLE_IDENTIFIER = com.RuiSilva.countable;
				PRODUCT_NAME = "$(TARGET_NAME)";
				SWIFT_VERSION = 5.0;
				TARGETED_DEVICE_FAMILY = 1;
			};
			name = Release;
		};
/* End XCBuildConfiguration section */

/* Begin XCConfigurationList section */
		69020F0225F3B58100C8639A /* Build configuration list for PBXProject "countable" */ = {
			isa = XCConfigurationList;
			buildConfigurations = (
				69020F1425F3B58400C8639A /* Debug */,
				69020F1525F3B58400C8639A /* Release */,
			);
			defaultConfigurationIsVisible = 0;
			defaultConfigurationName = Release;
		};
		69020F1625F3B58400C8639A /* Build configuration list for PBXNativeTarget "countable" */ = {
			isa = XCConfigurationList;
			buildConfigurations = (
				69020F1725F3B58400C8639A /* Debug */,
				69020F1825F3B58400C8639A /* Release */,
			);
			defaultConfigurationIsVisible = 0;
			defaultConfigurationName = Release;
		};
/* End XCConfigurationList section */
	};
	rootObject = 69020EFF25F3B58100C8639A /* Project object */;
}
